
Microsoft Visual Studio Solution File, Format Version 12.00
# Visual Studio Version 17
VisualStudioVersion = 17.11.35327.3
MinimumVisualStudioVersion = 10.0.40219.1
Project("{FAE04EC0-301F-11D3-BF4B-00C04F79EFBC}") = "StudentHousingBV", "StudentHousingBV\StudentHousingBV.csproj", "{C2E95B51-6F24-49AE-8425-316757429002}"
EndProject
Global
	GlobalSection(SolutionConfigurationPlatforms) = preSolution
		Debug|Any CPU = Debug|Any CPU
		Release|Any CPU = Release|Any CPU
	EndGlobalSection
	GlobalSection(ProjectConfigurationPlatforms) = postSolution
		{C2E95B51-6F24-49AE-8425-316757429002}.Debug|Any CPU.ActiveCfg = Debug|Any CPU
		{C2E95B51-6F24-49AE-8425-316757429002}.Debug|Any CPU.Build.0 = Debug|Any CPU
		{C2E95B51-6F24-49AE-8425-316757429002}.Release|Any CPU.ActiveCfg = Release|Any CPU
		{C2E95B51-6F24-49AE-8425-316757429002}.Release|Any CPU.Build.0 = Release|Any CPU
	EndGlobalSection
	GlobalSection(SolutionProperties) = preSolution
		HideSolutionNode = FALSE
	EndGlobalSection
	GlobalSection(ExtensibilityGlobals) = postSolution
		SolutionGuid = {CDB524CD-F8FD-45EA-ABE7-B5CA2B6D07C3}
	EndGlobalSection
EndGlobal
